# THIS IS AN AUTOGENERATED FILE. DO NOT EDIT THIS FILE DIRECTLY.
# yarn lockfile v1


"@types/node@^18.11.18":
  version "18.11.18"
  resolved "https://domoreexp.pkgs.visualstudio.com/_packaging/npm-mirror/npm/registry/@types/node/-/node-18.11.18.tgz"
  integrity sha1-jfuX8Nojwik+VUxaUNYe8TTXaX8=

typescript@^5.0.0-dev.20221109:
  version "5.0.0-dev.20221109"
  resolved "https://domoreexp.pkgs.visualstudio.com/_packaging/npm-mirror/npm/registry/typescript/-/typescript-5.0.0-dev.20221109.tgz"
  integrity sha1-9RoHMaEpu6sIwSt3bIt/9CxumLI=

zlib@^1.0.5:
  version "1.0.5"
  resolved "https://domoreexp.pkgs.visualstudio.com/_packaging/npm-mirror/npm/registry/zlib/-/zlib-1.0.5.tgz#6e7c972fc371c645a6afb03ab14769def114fcc0"
  integrity sha1-bnyXL8NxxkWmr7A6sUdp3vEU/MA=
