
Microsoft Visual Studio Solution File, Format Version 12.00
# Visual Studio Version 16
VisualStudioVersion = 16.0.33214.272
MinimumVisualStudioVersion = 10.0.40219.1
Project("{FAE04EC0-301F-11D3-BF4B-00C04F79EFBC}") = "TFCGameFilesDecryption", "TFCGameFilesDecryption.csproj", "{474CECBB-CC93-402C-8099-50142B0FF386}"
EndProject
Global
	GlobalSection(SolutionConfigurationPlatforms) = preSolution
		Debug|Any CPU = Debug|Any CPU
		Release|Any CPU = Release|Any CPU
	EndGlobalSection
	GlobalSection(ProjectConfigurationPlatforms) = postSolution
		{474CECBB-CC93-402C-8099-50142B0FF386}.Debug|Any CPU.ActiveCfg = Debug|Any CPU
		{474CECBB-CC93-402C-8099-50142B0FF386}.Debug|Any CPU.Build.0 = Debug|Any CPU
		{474CECBB-CC93-402C-8099-50142B0FF386}.Release|Any CPU.ActiveCfg = Release|Any CPU
		{474CECBB-CC93-402C-8099-50142B0FF386}.Release|Any CPU.Build.0 = Release|Any CPU
	EndGlobalSection
	GlobalSection(SolutionProperties) = preSolution
		HideSolutionNode = FALSE
	EndGlobalSection
	GlobalSection(ExtensibilityGlobals) = postSolution
		SolutionGuid = {91A5FBED-F092-4637-AF28-10242A6C7DD9}
	EndGlobalSection
EndGlobal
