{
  "name": "dda-extractor",
  "version": "1.0.0",
  "lockfileVersion": 2,
  "requires": true,
  "packages": {
    "": {
      "name": "dda-extractor",
      "version": "1.0.0",
      "license": "ISC",
      "devDependencies": {
        "@types/node": "^18.11.18",
        "typescript": "^5.0.0-dev.20221109"
      }
    },
    "node_modules/@types/node": {
      "version": "18.11.18",
      "resolved": "https://domoreexp.pkgs.visualstudio.com/_packaging/npm-mirror/npm/registry/@types/node/-/node-18.11.18.tgz",
      "integrity": "sha1-jfuX8Nojwik+VUxaUNYe8TTXaX8=",
      "dev": true,
      "license": "MIT"
    },
    "node_modules/typescript": {
      "version": "5.0.0-dev.20221109",
      "resolved": "https://domoreexp.pkgs.visualstudio.com/_packaging/npm-mirror/npm/registry/typescript/-/typescript-5.0.0-dev.20221109.tgz",
      "integrity": "sha1-9RoHMaEpu6sIwSt3bIt/9CxumLI=",
      "dev": true,
      "license": "Apache-2.0",
      "bin": {
        "tsc": "bin/tsc",
        "tsserver": "bin/tsserver"
      },
      "engines": {
        "node": ">=4.2.0"
      }
    }
  },
  "dependencies": {
    "@types/node": {
      "version": "18.11.18",
      "resolved": "https://domoreexp.pkgs.visualstudio.com/_packaging/npm-mirror/npm/registry/@types/node/-/node-18.11.18.tgz",
      "integrity": "sha1-jfuX8Nojwik+VUxaUNYe8TTXaX8=",
      "dev": true
    },
    "typescript": {
      "version": "5.0.0-dev.20221109",
      "resolved": "https://domoreexp.pkgs.visualstudio.com/_packaging/npm-mirror/npm/registry/typescript/-/typescript-5.0.0-dev.20221109.tgz",
      "integrity": "sha1-9RoHMaEpu6sIwSt3bIt/9CxumLI=",
      "dev": true
    }
  }
}
